
Microsoft Visual Studio Solution File, Format Version 12.00
# Visual Studio Version 16
VisualStudioVersion = 16.0.30907.101
MinimumVisualStudioVersion = 10.0.40219.1
Project("{FAE04EC0-301F-11D3-BF4B-00C04F79EFBC}") = "FirstWebApi", "FirstWebApi.csproj", "{CE65098F-7C33-40A8-951B-9A2F3AA542E9}"
EndProject
Global
	GlobalSection(SolutionConfigurationPlatforms) = preSolution
		Debug|Any CPU = Debug|Any CPU
		Release|Any CPU = Release|Any CPU
	EndGlobalSection
	GlobalSection(ProjectConfigurationPlatforms) = postSolution
		{CE65098F-7C33-40A8-951B-9A2F3AA542E9}.Debug|Any CPU.ActiveCfg = Debug|Any CPU
		{CE65098F-7C33-40A8-951B-9A2F3AA542E9}.Debug|Any CPU.Build.0 = Debug|Any CPU
		{CE65098F-7C33-40A8-951B-9A2F3AA542E9}.Release|Any CPU.ActiveCfg = Release|Any CPU
		{CE65098F-7C33-40A8-951B-9A2F3AA542E9}.Release|Any CPU.Build.0 = Release|Any CPU
	EndGlobalSection
	GlobalSection(SolutionProperties) = preSolution
		HideSolutionNode = FALSE
	EndGlobalSection
	GlobalSection(ExtensibilityGlobals) = postSolution
		SolutionGuid = {C76A2611-B84C-4C42-A816-03543D486D00}
	EndGlobalSection
EndGlobal
